// !$*UTF8*$!
{
	archiveVersion = 1;
	classes = {
	};
	objectVersion = 51;
	objects = {

/* Begin PBXBuildFile section */
		D14B1D580539CE8D845E6E0B /* Pods_marvel_heroes.framework in Frameworks */ = {isa = PBXBuildFile; fileRef = B43D3FDAA6EF738362A32211 /* Pods_marvel_heroes.framework */; };
		F05BAEAF248FED6400F5D2EC /* AppDelegate.swift in Sources */ = {isa = PBXBuildFile; fileRef = F05BAEAE248FED6400F5D2EC /* AppDelegate.swift */; };
		F05BAEB1248FED6400F5D2EC /* SceneDelegate.swift in Sources */ = {isa = PBXBuildFile; fileRef = F05BAEB0248FED6400F5D2EC /* SceneDelegate.swift */; };
		F05BAEB3248FED6400F5D2EC /* ViewController.swift in Sources */ = {isa = PBXBuildFile; fileRef = F05BAEB2248FED6400F5D2EC /* ViewController.swift */; };
		F05BAEB6248FED6400F5D2EC /* Main.storyboard in Resources */ = {isa = PBXBuildFile; fileRef = F05BAEB4248FED6400F5D2EC /* Main.storyboard */; };
		F05BAEB8248FED6700F5D2EC /* Assets.xcassets in Resources */ = {isa = PBXBuildFile; fileRef = F05BAEB7248FED6700F5D2EC /* Assets.xcassets */; };
		F05BAEBB248FED6700F5D2EC /* LaunchScreen.storyboard in Resources */ = {isa = PBXBuildFile; fileRef = F05BAEB9248FED6700F5D2EC /* LaunchScreen.storyboard */; };
		F05BAEC72490439900F5D2EC /* Heroi.swift in Sources */ = {isa = PBXBuildFile; fileRef = F05BAEC62490439900F5D2EC /* Heroi.swift */; };
		F05BAECB2490504100F5D2EC /* HeroDAO.swift in Sources */ = {isa = PBXBuildFile; fileRef = F05BAECA2490504100F5D2EC /* HeroDAO.swift */; };
		F05BAECD249053AD00F5D2EC /* TableViewCell.swift in Sources */ = {isa = PBXBuildFile; fileRef = F05BAECC249053AD00F5D2EC /* TableViewCell.swift */; };
		F05BAED5249099E400F5D2EC /* img4.jpeg in Resources */ = {isa = PBXBuildFile; fileRef = F05BAED1249099E400F5D2EC /* img4.jpeg */; };
		F05BAED6249099E400F5D2EC /* img2.jpeg in Resources */ = {isa = PBXBuildFile; fileRef = F05BAED2249099E400F5D2EC /* img2.jpeg */; };
		F05BAED7249099E400F5D2EC /* img1.jpg in Resources */ = {isa = PBXBuildFile; fileRef = F05BAED3249099E400F5D2EC /* img1.jpg */; };
		F05BAED8249099E400F5D2EC /* img3.jpg in Resources */ = {isa = PBXBuildFile; fileRef = F05BAED4249099E400F5D2EC /* img3.jpg */; };
		F05BAEDA24911C2700F5D2EC /* DetalhesHeroiViewController.swift in Sources */ = {isa = PBXBuildFile; fileRef = F05BAED924911C2700F5D2EC /* DetalhesHeroiViewController.swift */; };
		F0C76E4424919B5B004140E7 /* MarvelAPI.swift in Sources */ = {isa = PBXBuildFile; fileRef = F0C76E4324919B5B004140E7 /* MarvelAPI.swift */; };
/* End PBXBuildFile section */

/* Begin PBXFileReference section */
		58C6F339F7388A36D5AF348E /* Pods-marvel-heroes.release.xcconfig */ = {isa = PBXFileReference; includeInIndex = 1; lastKnownFileType = text.xcconfig; name = "Pods-marvel-heroes.release.xcconfig"; path = "Target Support Files/Pods-marvel-heroes/Pods-marvel-heroes.release.xcconfig"; sourceTree = "<group>"; };
		B43D3FDAA6EF738362A32211 /* Pods_marvel_heroes.framework */ = {isa = PBXFileReference; explicitFileType = wrapper.framework; includeInIndex = 0; path = Pods_marvel_heroes.framework; sourceTree = BUILT_PRODUCTS_DIR; };
		D021971AE270C155443D6644 /* Pods-marvel-heroes.debug.xcconfig */ = {isa = PBXFileReference; includeInIndex = 1; lastKnownFileType = text.xcconfig; name = "Pods-marvel-heroes.debug.xcconfig"; path = "Target Support Files/Pods-marvel-heroes/Pods-marvel-heroes.debug.xcconfig"; sourceTree = "<group>"; };
		F05BAEAB248FED6400F5D2EC /* marvel-heroes.app */ = {isa = PBXFileReference; explicitFileType = wrapper.application; includeInIndex = 0; path = "marvel-heroes.app"; sourceTree = BUILT_PRODUCTS_DIR; };
		F05BAEAE248FED6400F5D2EC /* AppDelegate.swift */ = {isa = PBXFileReference; lastKnownFileType = sourcecode.swift; path = AppDelegate.swift; sourceTree = "<group>"; };
		F05BAEB0248FED6400F5D2EC /* SceneDelegate.swift */ = {isa = PBXFileReference; lastKnownFileType = sourcecode.swift; path = SceneDelegate.swift; sourceTree = "<group>"; };
		F05BAEB2248FED6400F5D2EC /* ViewController.swift */ = {isa = PBXFileReference; lastKnownFileType = sourcecode.swift; path = ViewController.swift; sourceTree = "<group>"; };
		F05BAEB5248FED6400F5D2EC /* Base */ = {isa = PBXFileReference; lastKnownFileType = file.storyboard; name = Base; path = Base.lproj/Main.storyboard; sourceTree = "<group>"; };
		F05BAEB7248FED6700F5D2EC /* Assets.xcassets */ = {isa = PBXFileReference; lastKnownFileType = folder.assetcatalog; path = Assets.xcassets; sourceTree = "<group>"; };
		F05BAEBA248FED6700F5D2EC /* Base */ = {isa = PBXFileReference; lastKnownFileType = file.storyboard; name = Base; path = Base.lproj/LaunchScreen.storyboard; sourceTree = "<group>"; };
		F05BAEBC248FED6700F5D2EC /* Info.plist */ = {isa = PBXFileReference; lastKnownFileType = text.plist.xml; path = Info.plist; sourceTree = "<group>"; };
		F05BAEC62490439900F5D2EC /* Heroi.swift */ = {isa = PBXFileReference; lastKnownFileType = sourcecode.swift; path = Heroi.swift; sourceTree = "<group>"; };
		F05BAECA2490504100F5D2EC /* HeroDAO.swift */ = {isa = PBXFileReference; lastKnownFileType = sourcecode.swift; path = HeroDAO.swift; sourceTree = "<group>"; };
		F05BAECC249053AD00F5D2EC /* TableViewCell.swift */ = {isa = PBXFileReference; lastKnownFileType = sourcecode.swift; path = TableViewCell.swift; sourceTree = "<group>"; };
		F05BAED1249099E400F5D2EC /* img4.jpeg */ = {isa = PBXFileReference; lastKnownFileType = image.jpeg; path = img4.jpeg; sourceTree = "<group>"; };
		F05BAED2249099E400F5D2EC /* img2.jpeg */ = {isa = PBXFileReference; lastKnownFileType = image.jpeg; path = img2.jpeg; sourceTree = "<group>"; };
		F05BAED3249099E400F5D2EC /* img1.jpg */ = {isa = PBXFileReference; lastKnownFileType = image.jpeg; path = img1.jpg; sourceTree = "<group>"; };
		F05BAED4249099E400F5D2EC /* img3.jpg */ = {isa = PBXFileReference; lastKnownFileType = image.jpeg; path = img3.jpg; sourceTree = "<group>"; };
		F05BAED924911C2700F5D2EC /* DetalhesHeroiViewController.swift */ = {isa = PBXFileReference; lastKnownFileType = sourcecode.swift; path = DetalhesHeroiViewController.swift; sourceTree = "<group>"; };
		F0C76E4324919B5B004140E7 /* MarvelAPI.swift */ = {isa = PBXFileReference; lastKnownFileType = sourcecode.swift; path = MarvelAPI.swift; sourceTree = "<group>"; };
/* End PBXFileReference section */

/* Begin PBXFrameworksBuildPhase section */
		F05BAEA8248FED6400F5D2EC /* Frameworks */ = {
			isa = PBXFrameworksBuildPhase;
			buildActionMask = 2147483647;
			files = (
				D14B1D580539CE8D845E6E0B /* Pods_marvel_heroes.framework in Frameworks */,
			);
			runOnlyForDeploymentPostprocessing = 0;
		};
/* End PBXFrameworksBuildPhase section */

/* Begin PBXGroup section */
		75CAA7E8403EA9FAFA1B9C41 /* Frameworks */ = {
			isa = PBXGroup;
			children = (
				B43D3FDAA6EF738362A32211 /* Pods_marvel_heroes.framework */,
			);
			name = Frameworks;
			sourceTree = "<group>";
		};
		A5AD42DBB1A139A3599C1E8F /* Pods */ = {
			isa = PBXGroup;
			children = (
				D021971AE270C155443D6644 /* Pods-marvel-heroes.debug.xcconfig */,
				58C6F339F7388A36D5AF348E /* Pods-marvel-heroes.release.xcconfig */,
			);
			path = Pods;
			sourceTree = "<group>";
		};
		F05BAEA2248FED6400F5D2EC = {
			isa = PBXGroup;
			children = (
				F05BAEAD248FED6400F5D2EC /* marvel-heroes */,
				F05BAEAC248FED6400F5D2EC /* Products */,
				A5AD42DBB1A139A3599C1E8F /* Pods */,
				75CAA7E8403EA9FAFA1B9C41 /* Frameworks */,
			);
			sourceTree = "<group>";
		};
		F05BAEAC248FED6400F5D2EC /* Products */ = {
			isa = PBXGroup;
			children = (
				F05BAEAB248FED6400F5D2EC /* marvel-heroes.app */,
			);
			name = Products;
			sourceTree = "<group>";
		};
		F05BAEAD248FED6400F5D2EC /* marvel-heroes */ = {
			isa = PBXGroup;
			children = (
				F05BAEAE248FED6400F5D2EC /* AppDelegate.swift */,
				F05BAEC5249034DC00F5D2EC /* DAO */,
				F05BAEC4249034D000F5D2EC /* Controller */,
				F05BAEC3249034C500F5D2EC /* View */,
				F05BAEC2249034B600F5D2EC /* Model */,
				F05BAEB0248FED6400F5D2EC /* SceneDelegate.swift */,
				F05BAED0249099E400F5D2EC /* Assets */,
				F05BAEB7248FED6700F5D2EC /* Assets.xcassets */,
				F05BAEB9248FED6700F5D2EC /* LaunchScreen.storyboard */,
				F05BAEBC248FED6700F5D2EC /* Info.plist */,
			);
			path = "marvel-heroes";
			sourceTree = "<group>";
		};
		F05BAEC2249034B600F5D2EC /* Model */ = {
			isa = PBXGroup;
			children = (
				F05BAEC62490439900F5D2EC /* Heroi.swift */,
				F0C76E4324919B5B004140E7 /* MarvelAPI.swift */,
			);
			path = Model;
			sourceTree = "<group>";
		};
		F05BAEC3249034C500F5D2EC /* View */ = {
			isa = PBXGroup;
			children = (
				F05BAEB4248FED6400F5D2EC /* Main.storyboard */,
				F05BAECC249053AD00F5D2EC /* TableViewCell.swift */,
			);
			path = View;
			sourceTree = "<group>";
		};
		F05BAEC4249034D000F5D2EC /* Controller */ = {
			isa = PBXGroup;
			children = (
				F05BAEB2248FED6400F5D2EC /* ViewController.swift */,
				F05BAED924911C2700F5D2EC /* DetalhesHeroiViewController.swift */,
			);
			path = Controller;
			sourceTree = "<group>";
		};
		F05BAEC5249034DC00F5D2EC /* DAO */ = {
			isa = PBXGroup;
			children = (
				F05BAECA2490504100F5D2EC /* HeroDAO.swift */,
			);
			path = DAO;
			sourceTree = "<group>";
		};
		F05BAED0249099E400F5D2EC /* Assets */ = {
			isa = PBXGroup;
			children = (
				F05BAED1249099E400F5D2EC /* img4.jpeg */,
				F05BAED2249099E400F5D2EC /* img2.jpeg */,
				F05BAED3249099E400F5D2EC /* img1.jpg */,
				F05BAED4249099E400F5D2EC /* img3.jpg */,
			);
			name = Assets;
			path = ../../../../Downloads/Assets;
			sourceTree = "<group>";
		};
/* End PBXGroup section */

/* Begin PBXNativeTarget section */
		F05BAEAA248FED6400F5D2EC /* marvel-heroes */ = {
			isa = PBXNativeTarget;
			buildConfigurationList = F05BAEBF248FED6700F5D2EC /* Build configuration list for PBXNativeTarget "marvel-heroes" */;
			buildPhases = (
				44786D21DD1CFDE7C55E40B9 /* [CP] Check Pods Manifest.lock */,
				F05BAEA7248FED6400F5D2EC /* Sources */,
				F05BAEA8248FED6400F5D2EC /* Frameworks */,
				F05BAEA9248FED6400F5D2EC /* Resources */,
				93EAD5D77CE0212EE0438E9B /* [CP] Embed Pods Frameworks */,
			);
			buildRules = (
			);
			dependencies = (
			);
			name = "marvel-heroes";
			productName = "marvel-heroes";
			productReference = F05BAEAB248FED6400F5D2EC /* marvel-heroes.app */;
			productType = "com.apple.product-type.application";
		};
/* End PBXNativeTarget section */

/* Begin PBXProject section */
		F05BAEA3248FED6400F5D2EC /* Project object */ = {
			isa = PBXProject;
			attributes = {
				LastSwiftUpdateCheck = 1150;
				LastUpgradeCheck = 1150;
				ORGANIZATIONNAME = "Henrique Batista";
				TargetAttributes = {
					F05BAEAA248FED6400F5D2EC = {
						CreatedOnToolsVersion = 11.5;
					};
				};
			};
			buildConfigurationList = F05BAEA6248FED6400F5D2EC /* Build configuration list for PBXProject "marvel-heroes" */;
			compatibilityVersion = "Xcode 9.3";
			developmentRegion = en;
			hasScannedForEncodings = 0;
			knownRegions = (
				en,
				Base,
			);
			mainGroup = F05BAEA2248FED6400F5D2EC;
			productRefGroup = F05BAEAC248FED6400F5D2EC /* Products */;
			projectDirPath = "";
			projectRoot = "";
			targets = (
				F05BAEAA248FED6400F5D2EC /* marvel-heroes */,
			);
		};
/* End PBXProject section */

/* Begin PBXResourcesBuildPhase section */
		F05BAEA9248FED6400F5D2EC /* Resources */ = {
			isa = PBXResourcesBuildPhase;
			buildActionMask = 2147483647;
			files = (
				F05BAED6249099E400F5D2EC /* img2.jpeg in Resources */,
				F05BAED7249099E400F5D2EC /* img1.jpg in Resources */,
				F05BAEBB248FED6700F5D2EC /* LaunchScreen.storyboard in Resources */,
				F05BAEB8248FED6700F5D2EC /* Assets.xcassets in Resources */,
				F05BAED5249099E400F5D2EC /* img4.jpeg in Resources */,
				F05BAED8249099E400F5D2EC /* img3.jpg in Resources */,
				F05BAEB6248FED6400F5D2EC /* Main.storyboard in Resources */,
			);
			runOnlyForDeploymentPostprocessing = 0;
		};
/* End PBXResourcesBuildPhase section */

/* Begin PBXShellScriptBuildPhase section */
		44786D21DD1CFDE7C55E40B9 /* [CP] Check Pods Manifest.lock */ = {
			isa = PBXShellScriptBuildPhase;
			buildActionMask = 2147483647;
			files = (
			);
			inputFileListPaths = (
			);
			inputPaths = (
				"${PODS_PODFILE_DIR_PATH}/Podfile.lock",
				"${PODS_ROOT}/Manifest.lock",
			);
			name = "[CP] Check Pods Manifest.lock";
			outputFileListPaths = (
			);
			outputPaths = (
				"$(DERIVED_FILE_DIR)/Pods-marvel-heroes-checkManifestLockResult.txt",
			);
			runOnlyForDeploymentPostprocessing = 0;
			shellPath = /bin/sh;
			shellScript = "diff \"${PODS_PODFILE_DIR_PATH}/Podfile.lock\" \"${PODS_ROOT}/Manifest.lock\" > /dev/null\nif [ $? != 0 ] ; then\n    # print error to STDERR\n    echo \"error: The sandbox is not in sync with the Podfile.lock. Run 'pod install' or update your CocoaPods installation.\" >&2\n    exit 1\nfi\n# This output is used by Xcode 'outputs' to avoid re-running this script phase.\necho \"SUCCESS\" > \"${SCRIPT_OUTPUT_FILE_0}\"\n";
			showEnvVarsInLog = 0;
		};
		93EAD5D77CE0212EE0438E9B /* [CP] Embed Pods Frameworks */ = {
			isa = PBXShellScriptBuildPhase;
			buildActionMask = 2147483647;
			files = (
			);
			inputFileListPaths = (
				"${PODS_ROOT}/Target Support Files/Pods-marvel-heroes/Pods-marvel-heroes-frameworks-${CONFIGURATION}-input-files.xcfilelist",
			);
			name = "[CP] Embed Pods Frameworks";
			outputFileListPaths = (
				"${PODS_ROOT}/Target Support Files/Pods-marvel-heroes/Pods-marvel-heroes-frameworks-${CONFIGURATION}-output-files.xcfilelist",
			);
			runOnlyForDeploymentPostprocessing = 0;
			shellPath = /bin/sh;
			shellScript = "\"${PODS_ROOT}/Target Support Files/Pods-marvel-heroes/Pods-marvel-heroes-frameworks.sh\"\n";
			showEnvVarsInLog = 0;
		};
/* End PBXShellScriptBuildPhase section */

/* Begin PBXSourcesBuildPhase section */
		F05BAEA7248FED6400F5D2EC /* Sources */ = {
			isa = PBXSourcesBuildPhase;
			buildActionMask = 2147483647;
			files = (
				F05BAEB3248FED6400F5D2EC /* ViewController.swift in Sources */,
				F05BAEC72490439900F5D2EC /* Heroi.swift in Sources */,
				F05BAEDA24911C2700F5D2EC /* DetalhesHeroiViewController.swift in Sources */,
				F0C76E4424919B5B004140E7 /* MarvelAPI.swift in Sources */,
				F05BAEAF248FED6400F5D2EC /* AppDelegate.swift in Sources */,
				F05BAECD249053AD00F5D2EC /* TableViewCell.swift in Sources */,
				F05BAEB1248FED6400F5D2EC /* SceneDelegate.swift in Sources */,
				F05BAECB2490504100F5D2EC /* HeroDAO.swift in Sources */,
			);
			runOnlyForDeploymentPostprocessing = 0;
		};
/* End PBXSourcesBuildPhase section */

/* Begin PBXVariantGroup section */
		F05BAEB4248FED6400F5D2EC /* Main.storyboard */ = {
			isa = PBXVariantGroup;
			children = (
				F05BAEB5248FED6400F5D2EC /* Base */,
			);
			name = Main.storyboard;
			sourceTree = "<group>";
		};
		F05BAEB9248FED6700F5D2EC /* LaunchScreen.storyboard */ = {
			isa = PBXVariantGroup;
			children = (
				F05BAEBA248FED6700F5D2EC /* Base */,
			);
			name = LaunchScreen.storyboard;
			sourceTree = "<group>";
		};
/* End PBXVariantGroup section */

/* Begin XCBuildConfiguration section */
		F05BAEBD248FED6700F5D2EC /* Debug */ = {
			isa = XCBuildConfiguration;
			buildSettings = {
				ALWAYS_SEARCH_USER_PATHS = NO;
				CLANG_ANALYZER_NONNULL = YES;
				CLANG_ANALYZER_NUMBER_OBJECT_CONVERSION = YES_AGGRESSIVE;
				CLANG_CXX_LANGUAGE_STANDARD = "gnu++14";
				CLANG_CXX_LIBRARY = "libc++";
				CLANG_ENABLE_MODULES = YES;
				CLANG_ENABLE_OBJC_ARC = YES;
				CLANG_ENABLE_OBJC_WEAK = YES;
				CLANG_WARN_BLOCK_CAPTURE_AUTORELEASING = YES;
				CLANG_WARN_BOOL_CONVERSION = YES;
				CLANG_WARN_COMMA = YES;
				CLANG_WARN_CONSTANT_CONVERSION = YES;
				CLANG_WARN_DEPRECATED_OBJC_IMPLEMENTATIONS = YES;
				CLANG_WARN_DIRECT_OBJC_ISA_USAGE = YES_ERROR;
				CLANG_WARN_DOCUMENTATION_COMMENTS = YES;
				CLANG_WARN_EMPTY_BODY = YES;
				CLANG_WARN_ENUM_CONVERSION = YES;
				CLANG_WARN_INFINITE_RECURSION = YES;
				CLANG_WARN_INT_CONVERSION = YES;
				CLANG_WARN_NON_LITERAL_NULL_CONVERSION = YES;
				CLANG_WARN_OBJC_IMPLICIT_RETAIN_SELF = YES;
				CLANG_WARN_OBJC_LITERAL_CONVERSION = YES;
				CLANG_WARN_OBJC_ROOT_CLASS = YES_ERROR;
				CLANG_WARN_RANGE_LOOP_ANALYSIS = YES;
				CLANG_WARN_STRICT_PROTOTYPES = YES;
				CLANG_WARN_SUSPICIOUS_MOVE = YES;
				CLANG_WARN_UNGUARDED_AVAILABILITY = YES_AGGRESSIVE;
				CLANG_WARN_UNREACHABLE_CODE = YES;
				CLANG_WARN__DUPLICATE_METHOD_MATCH = YES;
				COPY_PHASE_STRIP = NO;
				DEBUG_INFORMATION_FORMAT = dwarf;
				ENABLE_STRICT_OBJC_MSGSEND = YES;
				ENABLE_TESTABILITY = YES;
				GCC_C_LANGUAGE_STANDARD = gnu11;
				GCC_DYNAMIC_NO_PIC = NO;
				GCC_NO_COMMON_BLOCKS = YES;
				GCC_OPTIMIZATION_LEVEL = 0;
				GCC_PREPROCESSOR_DEFINITIONS = (
					"DEBUG=1",
					"$(inherited)",
				);
				GCC_WARN_64_TO_32_BIT_CONVERSION = YES;
				GCC_WARN_ABOUT_RETURN_TYPE = YES_ERROR;
				GCC_WARN_UNDECLARED_SELECTOR = YES;
				GCC_WARN_UNINITIALIZED_AUTOS = YES_AGGRESSIVE;
				GCC_WARN_UNUSED_FUNCTION = YES;
				GCC_WARN_UNUSED_VARIABLE = YES;
				IPHONEOS_DEPLOYMENT_TARGET = 13.5;
				MTL_ENABLE_DEBUG_INFO = INCLUDE_SOURCE;
				MTL_FAST_MATH = YES;
				ONLY_ACTIVE_ARCH = YES;
				SDKROOT = iphoneos;
				SWIFT_ACTIVE_COMPILATION_CONDITIONS = DEBUG;
				SWIFT_OPTIMIZATION_LEVEL = "-Onone";
			};
			name = Debug;
		};
		F05BAEBE248FED6700F5D2EC /* Release */ = {
			isa = XCBuildConfiguration;
			buildSettings = {
				ALWAYS_SEARCH_USER_PATHS = NO;
				CLANG_ANALYZER_NONNULL = YES;
				CLANG_ANALYZER_NUMBER_OBJECT_CONVERSION = YES_AGGRESSIVE;
				CLANG_CXX_LANGUAGE_STANDARD = "gnu++14";
				CLANG_CXX_LIBRARY = "libc++";
				CLANG_ENABLE_MODULES = YES;
				CLANG_ENABLE_OBJC_ARC = YES;
				CLANG_ENABLE_OBJC_WEAK = YES;
				CLANG_WARN_BLOCK_CAPTURE_AUTORELEASING = YES;
				CLANG_WARN_BOOL_CONVERSION = YES;
				CLANG_WARN_COMMA = YES;
				CLANG_WARN_CONSTANT_CONVERSION = YES;
				CLANG_WARN_DEPRECATED_OBJC_IMPLEMENTATIONS = YES;
				CLANG_WARN_DIRECT_OBJC_ISA_USAGE = YES_ERROR;
				CLANG_WARN_DOCUMENTATION_COMMENTS = YES;
				CLANG_WARN_EMPTY_BODY = YES;
				CLANG_WARN_ENUM_CONVERSION = YES;
				CLANG_WARN_INFINITE_RECURSION = YES;
				CLANG_WARN_INT_CONVERSION = YES;
				CLANG_WARN_NON_LITERAL_NULL_CONVERSION = YES;
				CLANG_WARN_OBJC_IMPLICIT_RETAIN_SELF = YES;
				CLANG_WARN_OBJC_LITERAL_CONVERSION = YES;
				CLANG_WARN_OBJC_ROOT_CLASS = YES_ERROR;
				CLANG_WARN_RANGE_LOOP_ANALYSIS = YES;
				CLANG_WARN_STRICT_PROTOTYPES = YES;
				CLANG_WARN_SUSPICIOUS_MOVE = YES;
				CLANG_WARN_UNGUARDED_AVAILABILITY = YES_AGGRESSIVE;
				CLANG_WARN_UNREACHABLE_CODE = YES;
				CLANG_WARN__DUPLICATE_METHOD_MATCH = YES;
				COPY_PHASE_STRIP = NO;
				DEBUG_INFORMATION_FORMAT = "dwarf-with-dsym";
				ENABLE_NS_ASSERTIONS = NO;
				ENABLE_STRICT_OBJC_MSGSEND = YES;
				GCC_C_LANGUAGE_STANDARD = gnu11;
				GCC_NO_COMMON_BLOCKS = YES;
				GCC_WARN_64_TO_32_BIT_CONVERSION = YES;
				GCC_WARN_ABOUT_RETURN_TYPE = YES_ERROR;
				GCC_WARN_UNDECLARED_SELECTOR = YES;
				GCC_WARN_UNINITIALIZED_AUTOS = YES_AGGRESSIVE;
				GCC_WARN_UNUSED_FUNCTION = YES;
				GCC_WARN_UNUSED_VARIABLE = YES;
				IPHONEOS_DEPLOYMENT_TARGET = 13.5;
				MTL_ENABLE_DEBUG_INFO = NO;
				MTL_FAST_MATH = YES;
				SDKROOT = iphoneos;
				SWIFT_COMPILATION_MODE = wholemodule;
				SWIFT_OPTIMIZATION_LEVEL = "-O";
				VALIDATE_PRODUCT = YES;
			};
			name = Release;
		};
		F05BAEC0248FED6700F5D2EC /* Debug */ = {
			isa = XCBuildConfiguration;
			baseConfigurationReference = D021971AE270C155443D6644 /* Pods-marvel-heroes.debug.xcconfig */;
			buildSettings = {
				ASSETCATALOG_COMPILER_APPICON_NAME = AppIcon;
				CODE_SIGN_STYLE = Automatic;
				DEVELOPMENT_TEAM = 26D65H4NM7;
				INFOPLIST_FILE = "marvel-heroes/Info.plist";
				LD_RUNPATH_SEARCH_PATHS = (
					"$(inherited)",
					"@executable_path/Frameworks",
				);
				PRODUCT_BUNDLE_IDENTIFIER = "br.com.hfbatista.marvel-heroes";
				PRODUCT_NAME = "$(TARGET_NAME)";
				SWIFT_VERSION = 5.0;
				TARGETED_DEVICE_FAMILY = "1,2";
			};
			name = Debug;
		};
		F05BAEC1248FED6700F5D2EC /* Release */ = {
			isa = XCBuildConfiguration;
			baseConfigurationReference = 58C6F339F7388A36D5AF348E /* Pods-marvel-heroes.release.xcconfig */;
			buildSettings = {
				ASSETCATALOG_COMPILER_APPICON_NAME = AppIcon;
				CODE_SIGN_STYLE = Automatic;
				DEVELOPMENT_TEAM = 26D65H4NM7;
				INFOPLIST_FILE = "marvel-heroes/Info.plist";
				LD_RUNPATH_SEARCH_PATHS = (
					"$(inherited)",
					"@executable_path/Frameworks",
				);
				PRODUCT_BUNDLE_IDENTIFIER = "br.com.hfbatista.marvel-heroes";
				PRODUCT_NAME = "$(TARGET_NAME)";
				SWIFT_VERSION = 5.0;
				TARGETED_DEVICE_FAMILY = "1,2";
			};
			name = Release;
		};
/* End XCBuildConfiguration section */

/* Begin XCConfigurationList section */
		F05BAEA6248FED6400F5D2EC /* Build configuration list for PBXProject "marvel-heroes" */ = {
			isa = XCConfigurationList;
			buildConfigurations = (
				F05BAEBD248FED6700F5D2EC /* Debug */,
				F05BAEBE248FED6700F5D2EC /* Release */,
			);
			defaultConfigurationIsVisible = 0;
			defaultConfigurationName = Release;
		};
		F05BAEBF248FED6700F5D2EC /* Build configuration list for PBXNativeTarget "marvel-heroes" */ = {
			isa = XCConfigurationList;
			buildConfigurations = (
				F05BAEC0248FED6700F5D2EC /* Debug */,
				F05BAEC1248FED6700F5D2EC /* Release */,
			);
			defaultConfigurationIsVisible = 0;
			defaultConfigurationName = Release;
		};
/* End XCConfigurationList section */
	};
	rootObject = F05BAEA3248FED6400F5D2EC /* Project object */;
}
